
Microsoft Visual Studio Solution File, Format Version 12.00
# Visual Studio 15
VisualStudioVersion = 15.0.28307.271
MinimumVisualStudioVersion = 10.0.40219.1
Project("{FAE04EC0-301F-11D3-BF4B-00C04F79EFBC}") = "Module5Activity", "Module5Activity\Module5Activity.csproj", "{025CF295-79CD-47E8-9F0D-43EBB6D4886F}"
EndProject
Global
	GlobalSection(SolutionConfigurationPlatforms) = preSolution
		Debug|Any CPU = Debug|Any CPU
		Release|Any CPU = Release|Any CPU
	EndGlobalSection
	GlobalSection(ProjectConfigurationPlatforms) = postSolution
		{025CF295-79CD-47E8-9F0D-43EBB6D4886F}.Debug|Any CPU.ActiveCfg = Debug|Any CPU
		{025CF295-79CD-47E8-9F0D-43EBB6D4886F}.Debug|Any CPU.Build.0 = Debug|Any CPU
		{025CF295-79CD-47E8-9F0D-43EBB6D4886F}.Release|Any CPU.ActiveCfg = Release|Any CPU
		{025CF295-79CD-47E8-9F0D-43EBB6D4886F}.Release|Any CPU.Build.0 = Release|Any CPU
	EndGlobalSection
	GlobalSection(SolutionProperties) = preSolution
		HideSolutionNode = FALSE
	EndGlobalSection
	GlobalSection(ExtensibilityGlobals) = postSolution
		SolutionGuid = {B8B8D2AA-D999-47AE-ADD3-4ADD5FABBE9C}
	EndGlobalSection
EndGlobal
